
Microsoft Visual Studio Solution File, Format Version 12.00
# Visual Studio Version 16
VisualStudioVersion = 16.0.30711.63
MinimumVisualStudioVersion = 10.0.40219.1
Project("{FAE04EC0-301F-11D3-BF4B-00C04F79EFBC}") = "DemoXamarinNA.UWP", "DemoXamarinNA\DemoXamarinNA.UWP\DemoXamarinNA.UWP.csproj", "{02BA567C-516B-439C-BCAF-D8D7EE77528B}"
EndProject
Project("{FAE04EC0-301F-11D3-BF4B-00C04F79EFBC}") = "DemoXamarinNA.Android", "DemoXamarinNA\DemoXamarinNA.Android\DemoXamarinNA.Android.csproj", "{BB4414B1-B61D-4CE3-9B82-C6436BFCA957}"
EndProject
Project("{FAE04EC0-301F-11D3-BF4B-00C04F79EFBC}") = "DemoXamarinNA.iOS", "DemoXamarinNA\DemoXamarinNA.iOS\DemoXamarinNA.iOS.csproj", "{EF7BC0D0-C82B-40E1-BA80-B093E5F0F17E}"
EndProject
Project("{FAE04EC0-301F-11D3-BF4B-00C04F79EFBC}") = "DemoXamarinNA", "DemoXamarinNA\DemoXamarinNA\DemoXamarinNA.csproj", "{5943E25D-F29E-4F29-800C-AEA324D21576}"
EndProject
Global
	GlobalSection(SolutionConfigurationPlatforms) = preSolution
		Debug|Any CPU = Debug|Any CPU
		Debug|ARM = Debug|ARM
		Debug|iPhone = Debug|iPhone
		Debug|iPhoneSimulator = Debug|iPhoneSimulator
		Debug|x64 = Debug|x64
		Debug|x86 = Debug|x86
		Release|Any CPU = Release|Any CPU
		Release|ARM = Release|ARM
		Release|iPhone = Release|iPhone
		Release|iPhoneSimulator = Release|iPhoneSimulator
		Release|x64 = Release|x64
		Release|x86 = Release|x86
	EndGlobalSection
	GlobalSection(ProjectConfigurationPlatforms) = postSolution
		{02BA567C-516B-439C-BCAF-D8D7EE77528B}.Debug|Any CPU.ActiveCfg = Debug|x86
		{02BA567C-516B-439C-BCAF-D8D7EE77528B}.Debug|Any CPU.Build.0 = Debug|x86
		{02BA567C-516B-439C-BCAF-D8D7EE77528B}.Debug|Any CPU.Deploy.0 = Debug|x86
		{02BA567C-516B-439C-BCAF-D8D7EE77528B}.Debug|ARM.ActiveCfg = Debug|ARM
		{02BA567C-516B-439C-BCAF-D8D7EE77528B}.Debug|ARM.Build.0 = Debug|ARM
		{02BA567C-516B-439C-BCAF-D8D7EE77528B}.Debug|ARM.Deploy.0 = Debug|ARM
		{02BA567C-516B-439C-BCAF-D8D7EE77528B}.Debug|iPhone.ActiveCfg = Debug|x86
		{02BA567C-516B-439C-BCAF-D8D7EE77528B}.Debug|iPhone.Build.0 = Debug|x86
		{02BA567C-516B-439C-BCAF-D8D7EE77528B}.Debug|iPhone.Deploy.0 = Debug|x86
		{02BA567C-516B-439C-BCAF-D8D7EE77528B}.Debug|iPhoneSimulator.ActiveCfg = Debug|x86
		{02BA567C-516B-439C-BCAF-D8D7EE77528B}.Debug|iPhoneSimulator.Build.0 = Debug|x86
		{02BA567C-516B-439C-BCAF-D8D7EE77528B}.Debug|iPhoneSimulator.Deploy.0 = Debug|x86
		{02BA567C-516B-439C-BCAF-D8D7EE77528B}.Debug|x64.ActiveCfg = Debug|x64
		{02BA567C-516B-439C-BCAF-D8D7EE77528B}.Debug|x64.Build.0 = Debug|x64
		{02BA567C-516B-439C-BCAF-D8D7EE77528B}.Debug|x64.Deploy.0 = Debug|x64
		{02BA567C-516B-439C-BCAF-D8D7EE77528B}.Debug|x86.ActiveCfg = Debug|x86
		{02BA567C-516B-439C-BCAF-D8D7EE77528B}.Debug|x86.Build.0 = Debug|x86
		{02BA567C-516B-439C-BCAF-D8D7EE77528B}.Debug|x86.Deploy.0 = Debug|x86
		{02BA567C-516B-439C-BCAF-D8D7EE77528B}.Release|Any CPU.ActiveCfg = Release|x86
		{02BA567C-516B-439C-BCAF-D8D7EE77528B}.Release|Any CPU.Build.0 = Release|x86
		{02BA567C-516B-439C-BCAF-D8D7EE77528B}.Release|Any CPU.Deploy.0 = Release|x86
		{02BA567C-516B-439C-BCAF-D8D7EE77528B}.Release|ARM.ActiveCfg = Release|ARM
		{02BA567C-516B-439C-BCAF-D8D7EE77528B}.Release|ARM.Build.0 = Release|ARM
		{02BA567C-516B-439C-BCAF-D8D7EE77528B}.Release|ARM.Deploy.0 = Release|ARM
		{02BA567C-516B-439C-BCAF-D8D7EE77528B}.Release|iPhone.ActiveCfg = Release|x86
		{02BA567C-516B-439C-BCAF-D8D7EE77528B}.Release|iPhone.Build.0 = Release|x86
		{02BA567C-516B-439C-BCAF-D8D7EE77528B}.Release|iPhone.Deploy.0 = Release|x86
		{02BA567C-516B-439C-BCAF-D8D7EE77528B}.Release|iPhoneSimulator.ActiveCfg = Release|x86
		{02BA567C-516B-439C-BCAF-D8D7EE77528B}.Release|iPhoneSimulator.Build.0 = Release|x86
		{02BA567C-516B-439C-BCAF-D8D7EE77528B}.Release|iPhoneSimulator.Deploy.0 = Release|x86
		{02BA567C-516B-439C-BCAF-D8D7EE77528B}.Release|x64.ActiveCfg = Release|x64
		{02BA567C-516B-439C-BCAF-D8D7EE77528B}.Release|x64.Build.0 = Release|x64
		{02BA567C-516B-439C-BCAF-D8D7EE77528B}.Release|x64.Deploy.0 = Release|x64
		{02BA567C-516B-439C-BCAF-D8D7EE77528B}.Release|x86.ActiveCfg = Release|x86
		{02BA567C-516B-439C-BCAF-D8D7EE77528B}.Release|x86.Build.0 = Release|x86
		{02BA567C-516B-439C-BCAF-D8D7EE77528B}.Release|x86.Deploy.0 = Release|x86
		{BB4414B1-B61D-4CE3-9B82-C6436BFCA957}.Debug|Any CPU.ActiveCfg = Debug|Any CPU
		{BB4414B1-B61D-4CE3-9B82-C6436BFCA957}.Debug|Any CPU.Build.0 = Debug|Any CPU
		{BB4414B1-B61D-4CE3-9B82-C6436BFCA957}.Debug|Any CPU.Deploy.0 = Debug|Any CPU
		{BB4414B1-B61D-4CE3-9B82-C6436BFCA957}.Debug|ARM.ActiveCfg = Debug|Any CPU
		{BB4414B1-B61D-4CE3-9B82-C6436BFCA957}.Debug|ARM.Build.0 = Debug|Any CPU
		{BB4414B1-B61D-4CE3-9B82-C6436BFCA957}.Debug|ARM.Deploy.0 = Debug|Any CPU
		{BB4414B1-B61D-4CE3-9B82-C6436BFCA957}.Debug|iPhone.ActiveCfg = Debug|Any CPU
		{BB4414B1-B61D-4CE3-9B82-C6436BFCA957}.Debug|iPhone.Build.0 = Debug|Any CPU
		{BB4414B1-B61D-4CE3-9B82-C6436BFCA957}.Debug|iPhone.Deploy.0 = Debug|Any CPU
		{BB4414B1-B61D-4CE3-9B82-C6436BFCA957}.Debug|iPhoneSimulator.ActiveCfg = Debug|Any CPU
		{BB4414B1-B61D-4CE3-9B82-C6436BFCA957}.Debug|iPhoneSimulator.Build.0 = Debug|Any CPU
		{BB4414B1-B61D-4CE3-9B82-C6436BFCA957}.Debug|iPhoneSimulator.Deploy.0 = Debug|Any CPU
		{BB4414B1-B61D-4CE3-9B82-C6436BFCA957}.Debug|x64.ActiveCfg = Debug|Any CPU
		{BB4414B1-B61D-4CE3-9B82-C6436BFCA957}.Debug|x64.Build.0 = Debug|Any CPU
		{BB4414B1-B61D-4CE3-9B82-C6436BFCA957}.Debug|x64.Deploy.0 = Debug|Any CPU
		{BB4414B1-B61D-4CE3-9B82-C6436BFCA957}.Debug|x86.ActiveCfg = Debug|Any CPU
		{BB4414B1-B61D-4CE3-9B82-C6436BFCA957}.Debug|x86.Build.0 = Debug|Any CPU
		{BB4414B1-B61D-4CE3-9B82-C6436BFCA957}.Debug|x86.Deploy.0 = Debug|Any CPU
		{BB4414B1-B61D-4CE3-9B82-C6436BFCA957}.Release|Any CPU.ActiveCfg = Release|Any CPU
		{BB4414B1-B61D-4CE3-9B82-C6436BFCA957}.Release|Any CPU.Build.0 = Release|Any CPU
		{BB4414B1-B61D-4CE3-9B82-C6436BFCA957}.Release|Any CPU.Deploy.0 = Release|Any CPU
		{BB4414B1-B61D-4CE3-9B82-C6436BFCA957}.Release|ARM.ActiveCfg = Release|Any CPU
		{BB4414B1-B61D-4CE3-9B82-C6436BFCA957}.Release|ARM.Build.0 = Release|Any CPU
		{BB4414B1-B61D-4CE3-9B82-C6436BFCA957}.Release|ARM.Deploy.0 = Release|Any CPU
		{BB4414B1-B61D-4CE3-9B82-C6436BFCA957}.Release|iPhone.ActiveCfg = Release|Any CPU
		{BB4414B1-B61D-4CE3-9B82-C6436BFCA957}.Release|iPhone.Build.0 = Release|Any CPU
		{BB4414B1-B61D-4CE3-9B82-C6436BFCA957}.Release|iPhone.Deploy.0 = Release|Any CPU
		{BB4414B1-B61D-4CE3-9B82-C6436BFCA957}.Release|iPhoneSimulator.ActiveCfg = Release|Any CPU
		{BB4414B1-B61D-4CE3-9B82-C6436BFCA957}.Release|iPhoneSimulator.Build.0 = Release|Any CPU
		{BB4414B1-B61D-4CE3-9B82-C6436BFCA957}.Release|iPhoneSimulator.Deploy.0 = Release|Any CPU
		{BB4414B1-B61D-4CE3-9B82-C6436BFCA957}.Release|x64.ActiveCfg = Release|Any CPU
		{BB4414B1-B61D-4CE3-9B82-C6436BFCA957}.Release|x64.Build.0 = Release|Any CPU
		{BB4414B1-B61D-4CE3-9B82-C6436BFCA957}.Release|x64.Deploy.0 = Release|Any CPU
		{BB4414B1-B61D-4CE3-9B82-C6436BFCA957}.Release|x86.ActiveCfg = Release|Any CPU
		{BB4414B1-B61D-4CE3-9B82-C6436BFCA957}.Release|x86.Build.0 = Release|Any CPU
		{BB4414B1-B61D-4CE3-9B82-C6436BFCA957}.Release|x86.Deploy.0 = Release|Any CPU
		{EF7BC0D0-C82B-40E1-BA80-B093E5F0F17E}.Debug|Any CPU.ActiveCfg = Debug|iPhoneSimulator
		{EF7BC0D0-C82B-40E1-BA80-B093E5F0F17E}.Debug|Any CPU.Build.0 = Debug|iPhoneSimulator
		{EF7BC0D0-C82B-40E1-BA80-B093E5F0F17E}.Debug|Any CPU.Deploy.0 = Debug|iPhoneSimulator
		{EF7BC0D0-C82B-40E1-BA80-B093E5F0F17E}.Debug|ARM.ActiveCfg = Debug|iPhone
		{EF7BC0D0-C82B-40E1-BA80-B093E5F0F17E}.Debug|ARM.Build.0 = Debug|iPhone
		{EF7BC0D0-C82B-40E1-BA80-B093E5F0F17E}.Debug|ARM.Deploy.0 = Debug|iPhone
		{EF7BC0D0-C82B-40E1-BA80-B093E5F0F17E}.Debug|iPhone.ActiveCfg = Debug|iPhone
		{EF7BC0D0-C82B-40E1-BA80-B093E5F0F17E}.Debug|iPhone.Build.0 = Debug|iPhone
		{EF7BC0D0-C82B-40E1-BA80-B093E5F0F17E}.Debug|iPhone.Deploy.0 = Debug|iPhone
		{EF7BC0D0-C82B-40E1-BA80-B093E5F0F17E}.Debug|iPhoneSimulator.ActiveCfg = Debug|iPhoneSimulator
		{EF7BC0D0-C82B-40E1-BA80-B093E5F0F17E}.Debug|iPhoneSimulator.Build.0 = Debug|iPhoneSimulator
		{EF7BC0D0-C82B-40E1-BA80-B093E5F0F17E}.Debug|iPhoneSimulator.Deploy.0 = Debug|iPhoneSimulator
		{EF7BC0D0-C82B-40E1-BA80-B093E5F0F17E}.Debug|x64.ActiveCfg = Debug|iPhoneSimulator
		{EF7BC0D0-C82B-40E1-BA80-B093E5F0F17E}.Debug|x64.Build.0 = Debug|iPhoneSimulator
		{EF7BC0D0-C82B-40E1-BA80-B093E5F0F17E}.Debug|x64.Deploy.0 = Debug|iPhoneSimulator
		{EF7BC0D0-C82B-40E1-BA80-B093E5F0F17E}.Debug|x86.ActiveCfg = Debug|iPhoneSimulator
		{EF7BC0D0-C82B-40E1-BA80-B093E5F0F17E}.Debug|x86.Build.0 = Debug|iPhoneSimulator
		{EF7BC0D0-C82B-40E1-BA80-B093E5F0F17E}.Debug|x86.Deploy.0 = Debug|iPhoneSimulator
		{EF7BC0D0-C82B-40E1-BA80-B093E5F0F17E}.Release|Any CPU.ActiveCfg = Release|iPhoneSimulator
		{EF7BC0D0-C82B-40E1-BA80-B093E5F0F17E}.Release|Any CPU.Build.0 = Release|iPhoneSimulator
		{EF7BC0D0-C82B-40E1-BA80-B093E5F0F17E}.Release|Any CPU.Deploy.0 = Release|iPhoneSimulator
		{EF7BC0D0-C82B-40E1-BA80-B093E5F0F17E}.Release|ARM.ActiveCfg = Release|iPhoneSimulator
		{EF7BC0D0-C82B-40E1-BA80-B093E5F0F17E}.Release|ARM.Build.0 = Release|iPhoneSimulator
		{EF7BC0D0-C82B-40E1-BA80-B093E5F0F17E}.Release|ARM.Deploy.0 = Release|iPhoneSimulator
		{EF7BC0D0-C82B-40E1-BA80-B093E5F0F17E}.Release|iPhone.ActiveCfg = Release|iPhone
		{EF7BC0D0-C82B-40E1-BA80-B093E5F0F17E}.Release|iPhone.Build.0 = Release|iPhone
		{EF7BC0D0-C82B-40E1-BA80-B093E5F0F17E}.Release|iPhone.Deploy.0 = Release|iPhone
		{EF7BC0D0-C82B-40E1-BA80-B093E5F0F17E}.Release|iPhoneSimulator.ActiveCfg = Release|iPhoneSimulator
		{EF7BC0D0-C82B-40E1-BA80-B093E5F0F17E}.Release|iPhoneSimulator.Build.0 = Release|iPhoneSimulator
		{EF7BC0D0-C82B-40E1-BA80-B093E5F0F17E}.Release|iPhoneSimulator.Deploy.0 = Release|iPhoneSimulator
		{EF7BC0D0-C82B-40E1-BA80-B093E5F0F17E}.Release|x64.ActiveCfg = Release|iPhoneSimulator
		{EF7BC0D0-C82B-40E1-BA80-B093E5F0F17E}.Release|x64.Build.0 = Release|iPhoneSimulator
		{EF7BC0D0-C82B-40E1-BA80-B093E5F0F17E}.Release|x64.Deploy.0 = Release|iPhoneSimulator
		{EF7BC0D0-C82B-40E1-BA80-B093E5F0F17E}.Release|x86.ActiveCfg = Release|iPhoneSimulator
		{EF7BC0D0-C82B-40E1-BA80-B093E5F0F17E}.Release|x86.Build.0 = Release|iPhoneSimulator
		{EF7BC0D0-C82B-40E1-BA80-B093E5F0F17E}.Release|x86.Deploy.0 = Release|iPhoneSimulator
		{5943E25D-F29E-4F29-800C-AEA324D21576}.Debug|Any CPU.ActiveCfg = Debug|Any CPU
		{5943E25D-F29E-4F29-800C-AEA324D21576}.Debug|Any CPU.Build.0 = Debug|Any CPU
		{5943E25D-F29E-4F29-800C-AEA324D21576}.Debug|Any CPU.Deploy.0 = Debug|Any CPU
		{5943E25D-F29E-4F29-800C-AEA324D21576}.Debug|ARM.ActiveCfg = Debug|Any CPU
		{5943E25D-F29E-4F29-800C-AEA324D21576}.Debug|ARM.Build.0 = Debug|Any CPU
		{5943E25D-F29E-4F29-800C-AEA324D21576}.Debug|ARM.Deploy.0 = Debug|Any CPU
		{5943E25D-F29E-4F29-800C-AEA324D21576}.Debug|iPhone.ActiveCfg = Debug|Any CPU
		{5943E25D-F29E-4F29-800C-AEA324D21576}.Debug|iPhone.Build.0 = Debug|Any CPU
		{5943E25D-F29E-4F29-800C-AEA324D21576}.Debug|iPhone.Deploy.0 = Debug|Any CPU
		{5943E25D-F29E-4F29-800C-AEA324D21576}.Debug|iPhoneSimulator.ActiveCfg = Debug|Any CPU
		{5943E25D-F29E-4F29-800C-AEA324D21576}.Debug|iPhoneSimulator.Build.0 = Debug|Any CPU
		{5943E25D-F29E-4F29-800C-AEA324D21576}.Debug|iPhoneSimulator.Deploy.0 = Debug|Any CPU
		{5943E25D-F29E-4F29-800C-AEA324D21576}.Debug|x64.ActiveCfg = Debug|Any CPU
		{5943E25D-F29E-4F29-800C-AEA324D21576}.Debug|x64.Build.0 = Debug|Any CPU
		{5943E25D-F29E-4F29-800C-AEA324D21576}.Debug|x64.Deploy.0 = Debug|Any CPU
		{5943E25D-F29E-4F29-800C-AEA324D21576}.Debug|x86.ActiveCfg = Debug|Any CPU
		{5943E25D-F29E-4F29-800C-AEA324D21576}.Debug|x86.Build.0 = Debug|Any CPU
		{5943E25D-F29E-4F29-800C-AEA324D21576}.Debug|x86.Deploy.0 = Debug|Any CPU
		{5943E25D-F29E-4F29-800C-AEA324D21576}.Release|Any CPU.ActiveCfg = Release|Any CPU
		{5943E25D-F29E-4F29-800C-AEA324D21576}.Release|Any CPU.Build.0 = Release|Any CPU
		{5943E25D-F29E-4F29-800C-AEA324D21576}.Release|Any CPU.Deploy.0 = Release|Any CPU
		{5943E25D-F29E-4F29-800C-AEA324D21576}.Release|ARM.ActiveCfg = Release|Any CPU
		{5943E25D-F29E-4F29-800C-AEA324D21576}.Release|ARM.Build.0 = Release|Any CPU
		{5943E25D-F29E-4F29-800C-AEA324D21576}.Release|ARM.Deploy.0 = Release|Any CPU
		{5943E25D-F29E-4F29-800C-AEA324D21576}.Release|iPhone.ActiveCfg = Release|Any CPU
		{5943E25D-F29E-4F29-800C-AEA324D21576}.Release|iPhone.Build.0 = Release|Any CPU
		{5943E25D-F29E-4F29-800C-AEA324D21576}.Release|iPhone.Deploy.0 = Release|Any CPU
		{5943E25D-F29E-4F29-800C-AEA324D21576}.Release|iPhoneSimulator.ActiveCfg = Release|Any CPU
		{5943E25D-F29E-4F29-800C-AEA324D21576}.Release|iPhoneSimulator.Build.0 = Release|Any CPU
		{5943E25D-F29E-4F29-800C-AEA324D21576}.Release|iPhoneSimulator.Deploy.0 = Release|Any CPU
		{5943E25D-F29E-4F29-800C-AEA324D21576}.Release|x64.ActiveCfg = Release|Any CPU
		{5943E25D-F29E-4F29-800C-AEA324D21576}.Release|x64.Build.0 = Release|Any CPU
		{5943E25D-F29E-4F29-800C-AEA324D21576}.Release|x64.Deploy.0 = Release|Any CPU
		{5943E25D-F29E-4F29-800C-AEA324D21576}.Release|x86.ActiveCfg = Release|Any CPU
		{5943E25D-F29E-4F29-800C-AEA324D21576}.Release|x86.Build.0 = Release|Any CPU
		{5943E25D-F29E-4F29-800C-AEA324D21576}.Release|x86.Deploy.0 = Release|Any CPU
	EndGlobalSection
	GlobalSection(SolutionProperties) = preSolution
		HideSolutionNode = FALSE
	EndGlobalSection
	GlobalSection(ExtensibilityGlobals) = postSolution
		SolutionGuid = {41F13D35-09A7-4620-908C-19DED3B06643}
	EndGlobalSection
EndGlobal
